{
  "name": "convert-svg-to-fa",
  "version": "1.0.0",
  "lockfileVersion": 1,
  "requires": true,
  "dependencies": {
    "dommatrix": {
      "version": "0.0.24",
      "resolved": "https://registry.npmjs.org/dommatrix/-/dommatrix-0.0.24.tgz",
      "integrity": "sha512-PatEhAW5pIHr28MvFQGV5iiHNloqvecQZlxs7/8s/eulLqZI3uVqPkrO7YDuqsebovr/9mmcWDSWzVG4amEZgQ=="
    },
    "svg-parser": {
      "version": "2.0.4",
      "resolved": "https://registry.npmjs.org/svg-parser/-/svg-parser-2.0.4.tgz",
      "integrity": "sha512-e4hG1hRwoOdRb37cIMSgzNsxyzKfayW6VOflrwvR+/bzrkyxY/31WkbgnQpgtrNp1SdpJvpUAGTa/ZoiPNDuRQ=="
    },
    "svg-path-commander": {
      "version": "0.1.25",
      "resolved": "https://registry.npmjs.org/svg-path-commander/-/svg-path-commander-0.1.25.tgz",
      "integrity": "sha512-zMCDjrA+m6QI/ecoul7yfX5jEl2OHAd5Rw7/VDrt3+lrwE+swFYIztYiRpVHa2z65CJ9OJHUlaldABm6rrSWWA==",
      "requires": {
        "dommatrix": "^0.0.24"
      }
    }
  }
}
